
Microsoft Visual Studio Solution File, Format Version 12.00
# Visual Studio 15
VisualStudioVersion = 15.0.26403.7
MinimumVisualStudioVersion = 10.0.40219.1
Project("{9A19103F-16F7-4668-BE54-9A1E7A4F7556}") = "LibraryManagement", "LibraryManagement\LibraryManagement.csproj", "{C8D5934E-4168-4BCE-B5BE-3CE96A8CFAFD}"
EndProject
Project("{F088123C-0E9E-452A-89E6-6BA2F21D5CAC}") = "UMLBooksLibrary", "UMLBooksLibrary\UMLBooksLibrary.modelproj", "{0090B9F5-6788-4E2A-B602-2134FDD15E33}"
EndProject
Global
	GlobalSection(SolutionConfigurationPlatforms) = preSolution
		Debug|Any CPU = Debug|Any CPU
		Release|Any CPU = Release|Any CPU
	EndGlobalSection
	GlobalSection(ProjectConfigurationPlatforms) = postSolution
		{C8D5934E-4168-4BCE-B5BE-3CE96A8CFAFD}.Debug|Any CPU.ActiveCfg = Debug|Any CPU
		{C8D5934E-4168-4BCE-B5BE-3CE96A8CFAFD}.Debug|Any CPU.Build.0 = Debug|Any CPU
		{C8D5934E-4168-4BCE-B5BE-3CE96A8CFAFD}.Release|Any CPU.ActiveCfg = Release|Any CPU
		{C8D5934E-4168-4BCE-B5BE-3CE96A8CFAFD}.Release|Any CPU.Build.0 = Release|Any CPU
		{0090B9F5-6788-4E2A-B602-2134FDD15E33}.Debug|Any CPU.ActiveCfg = Debug|Any CPU
		{0090B9F5-6788-4E2A-B602-2134FDD15E33}.Debug|Any CPU.Build.0 = Debug|Any CPU
		{0090B9F5-6788-4E2A-B602-2134FDD15E33}.Release|Any CPU.ActiveCfg = Release|Any CPU
		{0090B9F5-6788-4E2A-B602-2134FDD15E33}.Release|Any CPU.Build.0 = Release|Any CPU
	EndGlobalSection
	GlobalSection(SolutionProperties) = preSolution
		HideSolutionNode = FALSE
	EndGlobalSection
EndGlobal
